{
  "name": "typescript",
  "version": "0.0.0",
  "lockfileVersion": 3,
  "requires": true,
  "packages": {
    "": {
      "name": "typescript",
      "version": "0.0.0",
      "dependencies": {
        "@matterport/sdk": "^1.6.0"
      }
    },
    "node_modules/@matterport/sdk": {
      "version": "1.6.0",
      "resolved": "https://registry.npmjs.org/@matterport/sdk/-/sdk-1.6.0.tgz",
      "integrity": "sha512-giW+Nchw/DR9pAib9vRPb2Nijw5clJ76DVhgP7seNfCpNdlSIfefvl54RYAHpk5ST5ZPkCvl7yDGbY3kA8DmTA==",
      "hasInstallScript": true,
      "license": "SEE LICENSE IN LICENSE.md",
      "bin": {
        "update-mpsdk-types": "bin/update-mpsdk-types.cjs"
      }
    }
  }
}
